
Microsoft Visual Studio Solution File, Format Version 12.00
# Visual Studio Version 16
VisualStudioVersion = 16.0.31515.178
MinimumVisualStudioVersion = 10.0.40219.1
Project("{FAE04EC0-301F-11D3-BF4B-00C04F79EFBC}") = "ControlStaff", "ControlStaff.csproj", "{EA8BCC35-C22D-417E-B3DD-F5FDC97521F4}"
EndProject
Global
	GlobalSection(SolutionConfigurationPlatforms) = preSolution
		Debug|Any CPU = Debug|Any CPU
		Release|Any CPU = Release|Any CPU
	EndGlobalSection
	GlobalSection(ProjectConfigurationPlatforms) = postSolution
		{EA8BCC35-C22D-417E-B3DD-F5FDC97521F4}.Debug|Any CPU.ActiveCfg = Debug|Any CPU
		{EA8BCC35-C22D-417E-B3DD-F5FDC97521F4}.Debug|Any CPU.Build.0 = Debug|Any CPU
		{EA8BCC35-C22D-417E-B3DD-F5FDC97521F4}.Release|Any CPU.ActiveCfg = Release|Any CPU
		{EA8BCC35-C22D-417E-B3DD-F5FDC97521F4}.Release|Any CPU.Build.0 = Release|Any CPU
	EndGlobalSection
	GlobalSection(SolutionProperties) = preSolution
		HideSolutionNode = FALSE
	EndGlobalSection
	GlobalSection(ExtensibilityGlobals) = postSolution
		SolutionGuid = {184E7D34-D691-4AF1-8485-4635C7F0308A}
	EndGlobalSection
EndGlobal
